// !$*UTF8*$!
{
	archiveVersion = 1;
	classes = {
	};
	objectVersion = 48;
	objects = {

/* Begin PBXBuildFile section */
		53C9D0BBA247DEF9485234B6 /* libPods-climateConvos.a in Frameworks */ = {isa = PBXBuildFile; fileRef = D3DDCC3C1E53D0557DD56E79 /* libPods-climateConvos.a */; };
		A7C2B435204A187000561ADF /* ViewController.m in Sources */ = {isa = PBXBuildFile; fileRef = A7C2B434204A187000561ADF /* ViewController.m */; };
		B631685F207EB2A8008B7503 /* CategoriesViewController.m in Sources */ = {isa = PBXBuildFile; fileRef = B631685E207EB2A8008B7503 /* CategoriesViewController.m */; };
		B64B1AF120759FC100E4F0CD /* ScrollDemoViewController.m in Sources */ = {isa = PBXBuildFile; fileRef = B64B1AF020759FC100E4F0CD /* ScrollDemoViewController.m */; };
		B64B1AF42075A41700E4F0CD /* iCarousel.m in Sources */ = {isa = PBXBuildFile; fileRef = B64B1AF32075A41600E4F0CD /* iCarousel.m */; };
		B69EB1CD20757AF800E22425 /* QuartzCore.framework in Frameworks */ = {isa = PBXBuildFile; fileRef = B69EB1CC20757AF800E22425 /* QuartzCore.framework */; };
		B6A1177C202BAD2200218EEE /* DiscoverViewController.m in Sources */ = {isa = PBXBuildFile; fileRef = B6A1177B202BAD2200218EEE /* DiscoverViewController.m */; };
		CA0A851B2069874C006BC7DA /* singleFactoid.m in Sources */ = {isa = PBXBuildFile; fileRef = CA0A851A2069874C006BC7DA /* singleFactoid.m */; };
		CAF55494202B9E5600B1521E /* AppDelegate.m in Sources */ = {isa = PBXBuildFile; fileRef = CAF55493202B9E5600B1521E /* AppDelegate.m */; };
		CAF5549A202B9E5600B1521E /* Main.storyboard in Resources */ = {isa = PBXBuildFile; fileRef = CAF55498202B9E5600B1521E /* Main.storyboard */; };
		CAF5549C202B9E5600B1521E /* Assets.xcassets in Resources */ = {isa = PBXBuildFile; fileRef = CAF5549B202B9E5600B1521E /* Assets.xcassets */; };
		CAF5549F202B9E5600B1521E /* LaunchScreen.storyboard in Resources */ = {isa = PBXBuildFile; fileRef = CAF5549D202B9E5600B1521E /* LaunchScreen.storyboard */; };
		CAF554A2202B9E5600B1521E /* main.m in Sources */ = {isa = PBXBuildFile; fileRef = CAF554A1202B9E5600B1521E /* main.m */; };
		CAF554AA202B9E8100B1521E /* TutorialViewController.m in Sources */ = {isa = PBXBuildFile; fileRef = CAF554A9202B9E8100B1521E /* TutorialViewController.m */; };
		E75578AF204DD96D00E01ED3 /* EducationViewController.m in Sources */ = {isa = PBXBuildFile; fileRef = E75578A5204DD96C00E01ED3 /* EducationViewController.m */; };
		E75578B0204DD96D00E01ED3 /* whatCanViewController.m in Sources */ = {isa = PBXBuildFile; fileRef = E75578A6204DD96C00E01ED3 /* whatCanViewController.m */; };
		E75578B1204DD96D00E01ED3 /* proactiveViewController.m in Sources */ = {isa = PBXBuildFile; fileRef = E75578A9204DD96D00E01ED3 /* proactiveViewController.m */; };
		E75578B2204DD96D00E01ED3 /* whatIsItViewController.m in Sources */ = {isa = PBXBuildFile; fileRef = E75578AA204DD96D00E01ED3 /* whatIsItViewController.m */; };
		E75578B3204DD96D00E01ED3 /* howDoesViewController.m in Sources */ = {isa = PBXBuildFile; fileRef = E75578AD204DD96D00E01ED3 /* howDoesViewController.m */; };
		E7603904204612820060C245 /* GoogleService-Info.plist in Resources */ = {isa = PBXBuildFile; fileRef = E7603903204612820060C245 /* GoogleService-Info.plist */; };
/* End PBXBuildFile section */

/* Begin PBXFileReference section */
		733D98D011E3D98921342933 /* Pods-climateConvos.debug.xcconfig */ = {isa = PBXFileReference; includeInIndex = 1; lastKnownFileType = text.xcconfig; name = "Pods-climateConvos.debug.xcconfig"; path = "Pods/Target Support Files/Pods-climateConvos/Pods-climateConvos.debug.xcconfig"; sourceTree = "<group>"; };
		A7C2B433204A187000561ADF /* ViewController.h */ = {isa = PBXFileReference; fileEncoding = 4; lastKnownFileType = sourcecode.c.h; path = ViewController.h; sourceTree = "<group>"; };
		A7C2B434204A187000561ADF /* ViewController.m */ = {isa = PBXFileReference; fileEncoding = 4; lastKnownFileType = sourcecode.c.objc; path = ViewController.m; sourceTree = "<group>"; };
		B5BFFC3BCBD5962E5EAA6D39 /* Pods-climateConvos.release.xcconfig */ = {isa = PBXFileReference; includeInIndex = 1; lastKnownFileType = text.xcconfig; name = "Pods-climateConvos.release.xcconfig"; path = "Pods/Target Support Files/Pods-climateConvos/Pods-climateConvos.release.xcconfig"; sourceTree = "<group>"; };
		B631685D207EB2A7008B7503 /* CategoriesViewController.h */ = {isa = PBXFileReference; lastKnownFileType = sourcecode.c.h; path = CategoriesViewController.h; sourceTree = "<group>"; };
		B631685E207EB2A8008B7503 /* CategoriesViewController.m */ = {isa = PBXFileReference; lastKnownFileType = sourcecode.c.objc; path = CategoriesViewController.m; sourceTree = "<group>"; };
		B64B1AEF20759FC100E4F0CD /* ScrollDemoViewController.h */ = {isa = PBXFileReference; lastKnownFileType = sourcecode.c.h; path = ScrollDemoViewController.h; sourceTree = "<group>"; };
		B64B1AF020759FC100E4F0CD /* ScrollDemoViewController.m */ = {isa = PBXFileReference; lastKnownFileType = sourcecode.c.objc; path = ScrollDemoViewController.m; sourceTree = "<group>"; };
		B64B1AF22075A41600E4F0CD /* iCarousel.h */ = {isa = PBXFileReference; fileEncoding = 4; lastKnownFileType = sourcecode.c.h; path = iCarousel.h; sourceTree = "<group>"; };
		B64B1AF32075A41600E4F0CD /* iCarousel.m */ = {isa = PBXFileReference; fileEncoding = 4; lastKnownFileType = sourcecode.c.objc; path = iCarousel.m; sourceTree = "<group>"; };
		B69EB1CC20757AF800E22425 /* QuartzCore.framework */ = {isa = PBXFileReference; lastKnownFileType = wrapper.framework; name = QuartzCore.framework; path = System/Library/Frameworks/QuartzCore.framework; sourceTree = SDKROOT; };
		B6A1177A202BAD2200218EEE /* DiscoverViewController.h */ = {isa = PBXFileReference; lastKnownFileType = sourcecode.c.h; path = DiscoverViewController.h; sourceTree = "<group>"; };
		B6A1177B202BAD2200218EEE /* DiscoverViewController.m */ = {isa = PBXFileReference; lastKnownFileType = sourcecode.c.objc; path = DiscoverViewController.m; sourceTree = "<group>"; };
		CA0A85192069874C006BC7DA /* singleFactoid.h */ = {isa = PBXFileReference; lastKnownFileType = sourcecode.c.h; path = singleFactoid.h; sourceTree = "<group>"; };
		CA0A851A2069874C006BC7DA /* singleFactoid.m */ = {isa = PBXFileReference; lastKnownFileType = sourcecode.c.objc; path = singleFactoid.m; sourceTree = "<group>"; };
		CAF5548F202B9E5600B1521E /* climateConvos.app */ = {isa = PBXFileReference; explicitFileType = wrapper.application; includeInIndex = 0; path = climateConvos.app; sourceTree = BUILT_PRODUCTS_DIR; };
		CAF55492202B9E5600B1521E /* AppDelegate.h */ = {isa = PBXFileReference; lastKnownFileType = sourcecode.c.h; path = AppDelegate.h; sourceTree = "<group>"; };
		CAF55493202B9E5600B1521E /* AppDelegate.m */ = {isa = PBXFileReference; lastKnownFileType = sourcecode.c.objc; path = AppDelegate.m; sourceTree = "<group>"; };
		CAF55499202B9E5600B1521E /* Base */ = {isa = PBXFileReference; lastKnownFileType = file.storyboard; name = Base; path = Base.lproj/Main.storyboard; sourceTree = "<group>"; };
		CAF5549B202B9E5600B1521E /* Assets.xcassets */ = {isa = PBXFileReference; lastKnownFileType = folder.assetcatalog; path = Assets.xcassets; sourceTree = "<group>"; };
		CAF5549E202B9E5600B1521E /* Base */ = {isa = PBXFileReference; lastKnownFileType = file.storyboard; name = Base; path = Base.lproj/LaunchScreen.storyboard; sourceTree = "<group>"; };
		CAF554A0202B9E5600B1521E /* Info.plist */ = {isa = PBXFileReference; lastKnownFileType = text.plist.xml; path = Info.plist; sourceTree = "<group>"; };
		CAF554A1202B9E5600B1521E /* main.m */ = {isa = PBXFileReference; lastKnownFileType = sourcecode.c.objc; path = main.m; sourceTree = "<group>"; };
		CAF554A8202B9E8100B1521E /* TutorialViewController.h */ = {isa = PBXFileReference; lastKnownFileType = sourcecode.c.h; path = TutorialViewController.h; sourceTree = "<group>"; };
		CAF554A9202B9E8100B1521E /* TutorialViewController.m */ = {isa = PBXFileReference; lastKnownFileType = sourcecode.c.objc; path = TutorialViewController.m; sourceTree = "<group>"; };
		D3DDCC3C1E53D0557DD56E79 /* libPods-climateConvos.a */ = {isa = PBXFileReference; explicitFileType = archive.ar; includeInIndex = 0; path = "libPods-climateConvos.a"; sourceTree = BUILT_PRODUCTS_DIR; };
		E75578A5204DD96C00E01ED3 /* EducationViewController.m */ = {isa = PBXFileReference; fileEncoding = 4; lastKnownFileType = sourcecode.c.objc; path = EducationViewController.m; sourceTree = "<group>"; };
		E75578A6204DD96C00E01ED3 /* whatCanViewController.m */ = {isa = PBXFileReference; fileEncoding = 4; lastKnownFileType = sourcecode.c.objc; path = whatCanViewController.m; sourceTree = "<group>"; };
		E75578A7204DD96C00E01ED3 /* howDoesViewController.h */ = {isa = PBXFileReference; fileEncoding = 4; lastKnownFileType = sourcecode.c.h; path = howDoesViewController.h; sourceTree = "<group>"; };
		E75578A8204DD96D00E01ED3 /* whatIsItViewController.h */ = {isa = PBXFileReference; fileEncoding = 4; lastKnownFileType = sourcecode.c.h; path = whatIsItViewController.h; sourceTree = "<group>"; };
		E75578A9204DD96D00E01ED3 /* proactiveViewController.m */ = {isa = PBXFileReference; fileEncoding = 4; lastKnownFileType = sourcecode.c.objc; path = proactiveViewController.m; sourceTree = "<group>"; };
		E75578AA204DD96D00E01ED3 /* whatIsItViewController.m */ = {isa = PBXFileReference; fileEncoding = 4; lastKnownFileType = sourcecode.c.objc; path = whatIsItViewController.m; sourceTree = "<group>"; };
		E75578AB204DD96D00E01ED3 /* whatCanViewController.h */ = {isa = PBXFileReference; fileEncoding = 4; lastKnownFileType = sourcecode.c.h; path = whatCanViewController.h; sourceTree = "<group>"; };
		E75578AC204DD96D00E01ED3 /* EducationViewController.h */ = {isa = PBXFileReference; fileEncoding = 4; lastKnownFileType = sourcecode.c.h; path = EducationViewController.h; sourceTree = "<group>"; };
		E75578AD204DD96D00E01ED3 /* howDoesViewController.m */ = {isa = PBXFileReference; fileEncoding = 4; lastKnownFileType = sourcecode.c.objc; path = howDoesViewController.m; sourceTree = "<group>"; };
		E75578AE204DD96D00E01ED3 /* proactiveViewController.h */ = {isa = PBXFileReference; fileEncoding = 4; lastKnownFileType = sourcecode.c.h; path = proactiveViewController.h; sourceTree = "<group>"; };
		E7603903204612820060C245 /* GoogleService-Info.plist */ = {isa = PBXFileReference; fileEncoding = 4; lastKnownFileType = text.plist.xml; path = "GoogleService-Info.plist"; sourceTree = "<group>"; };
/* End PBXFileReference section */

/* Begin PBXFrameworksBuildPhase section */
		CAF5548C202B9E5600B1521E /* Frameworks */ = {
			isa = PBXFrameworksBuildPhase;
			buildActionMask = 2147483647;
			files = (
				B69EB1CD20757AF800E22425 /* QuartzCore.framework in Frameworks */,
				53C9D0BBA247DEF9485234B6 /* libPods-climateConvos.a in Frameworks */,
			);
			runOnlyForDeploymentPostprocessing = 0;
		};
/* End PBXFrameworksBuildPhase section */

/* Begin PBXGroup section */
		09C4DCD11E88711E6F20B7D4 /* Pods */ = {
			isa = PBXGroup;
			children = (
				733D98D011E3D98921342933 /* Pods-climateConvos.debug.xcconfig */,
				B5BFFC3BCBD5962E5EAA6D39 /* Pods-climateConvos.release.xcconfig */,
			);
			name = Pods;
			sourceTree = "<group>";
		};
		19A085A659FE924496B90486 /* Frameworks */ = {
			isa = PBXGroup;
			children = (
				B69EB1CC20757AF800E22425 /* QuartzCore.framework */,
				D3DDCC3C1E53D0557DD56E79 /* libPods-climateConvos.a */,
			);
			name = Frameworks;
			sourceTree = "<group>";
		};
		CAF55486202B9E5600B1521E = {
			isa = PBXGroup;
			children = (
				CAF55491202B9E5600B1521E /* climateConvos */,
				CAF55490202B9E5600B1521E /* Products */,
				09C4DCD11E88711E6F20B7D4 /* Pods */,
				19A085A659FE924496B90486 /* Frameworks */,
			);
			sourceTree = "<group>";
		};
		CAF55490202B9E5600B1521E /* Products */ = {
			isa = PBXGroup;
			children = (
				CAF5548F202B9E5600B1521E /* climateConvos.app */,
			);
			name = Products;
			sourceTree = "<group>";
		};
		CAF55491202B9E5600B1521E /* climateConvos */ = {
			isa = PBXGroup;
			children = (
				B64B1AF22075A41600E4F0CD /* iCarousel.h */,
				B64B1AF32075A41600E4F0CD /* iCarousel.m */,
				CAF554A8202B9E8100B1521E /* TutorialViewController.h */,
				CAF554A9202B9E8100B1521E /* TutorialViewController.m */,
				B6A1177A202BAD2200218EEE /* DiscoverViewController.h */,
				B6A1177B202BAD2200218EEE /* DiscoverViewController.m */,
				CA0A85192069874C006BC7DA /* singleFactoid.h */,
				CA0A851A2069874C006BC7DA /* singleFactoid.m */,
				A7C2B433204A187000561ADF /* ViewController.h */,
				A7C2B434204A187000561ADF /* ViewController.m */,
				B631685D207EB2A7008B7503 /* CategoriesViewController.h */,
				B631685E207EB2A8008B7503 /* CategoriesViewController.m */,
				CAF55498202B9E5600B1521E /* Main.storyboard */,
				B64B1AEF20759FC100E4F0CD /* ScrollDemoViewController.h */,
				B64B1AF020759FC100E4F0CD /* ScrollDemoViewController.m */,
				E7603903204612820060C245 /* GoogleService-Info.plist */,
				CAF5549B202B9E5600B1521E /* Assets.xcassets */,
				E75578AC204DD96D00E01ED3 /* EducationViewController.h */,
				E75578A5204DD96C00E01ED3 /* EducationViewController.m */,
				E75578A7204DD96C00E01ED3 /* howDoesViewController.h */,
				E75578AD204DD96D00E01ED3 /* howDoesViewController.m */,
				E75578AE204DD96D00E01ED3 /* proactiveViewController.h */,
				E75578A9204DD96D00E01ED3 /* proactiveViewController.m */,
				E75578AB204DD96D00E01ED3 /* whatCanViewController.h */,
				E75578A6204DD96C00E01ED3 /* whatCanViewController.m */,
				E75578A8204DD96D00E01ED3 /* whatIsItViewController.h */,
				E75578AA204DD96D00E01ED3 /* whatIsItViewController.m */,
				E79B1133202BB5DB00F6A0ED /* Exxtra */,
			);
			path = climateConvos;
			sourceTree = "<group>";
		};
		E79B1133202BB5DB00F6A0ED /* Exxtra */ = {
			isa = PBXGroup;
			children = (
				CAF5549D202B9E5600B1521E /* LaunchScreen.storyboard */,
				CAF554A0202B9E5600B1521E /* Info.plist */,
				CAF554A1202B9E5600B1521E /* main.m */,
				CAF55492202B9E5600B1521E /* AppDelegate.h */,
				CAF55493202B9E5600B1521E /* AppDelegate.m */,
			);
			name = Exxtra;
			sourceTree = "<group>";
		};
/* End PBXGroup section */

/* Begin PBXNativeTarget section */
		CAF5548E202B9E5600B1521E /* climateConvos */ = {
			isa = PBXNativeTarget;
			buildConfigurationList = CAF554A5202B9E5600B1521E /* Build configuration list for PBXNativeTarget "climateConvos" */;
			buildPhases = (
				0095B024E23BF07A5CF3ACEA /* [CP] Check Pods Manifest.lock */,
				CAF5548B202B9E5600B1521E /* Sources */,
				CAF5548C202B9E5600B1521E /* Frameworks */,
				CAF5548D202B9E5600B1521E /* Resources */,
				802AE048581E6316B2BE5C66 /* [CP] Embed Pods Frameworks */,
				7EFDCF643AFC1EDDE86668F3 /* [CP] Copy Pods Resources */,
			);
			buildRules = (
			);
			dependencies = (
			);
			name = climateConvos;
			productName = climateConvos;
			productReference = CAF5548F202B9E5600B1521E /* climateConvos.app */;
			productType = "com.apple.product-type.application";
		};
/* End PBXNativeTarget section */

/* Begin PBXProject section */
		CAF55487202B9E5600B1521E /* Project object */ = {
			isa = PBXProject;
			attributes = {
				LastUpgradeCheck = 0920;
				ORGANIZATIONNAME = acn96;
				TargetAttributes = {
					CAF5548E202B9E5600B1521E = {
						CreatedOnToolsVersion = 9.2;
						ProvisioningStyle = Automatic;
					};
				};
			};
			buildConfigurationList = CAF5548A202B9E5600B1521E /* Build configuration list for PBXProject "climateConvos" */;
			compatibilityVersion = "Xcode 8.0";
			developmentRegion = en;
			hasScannedForEncodings = 0;
			knownRegions = (
				en,
				Base,
			);
			mainGroup = CAF55486202B9E5600B1521E;
			productRefGroup = CAF55490202B9E5600B1521E /* Products */;
			projectDirPath = "";
			projectRoot = "";
			targets = (
				CAF5548E202B9E5600B1521E /* climateConvos */,
			);
		};
/* End PBXProject section */

/* Begin PBXResourcesBuildPhase section */
		CAF5548D202B9E5600B1521E /* Resources */ = {
			isa = PBXResourcesBuildPhase;
			buildActionMask = 2147483647;
			files = (
				CAF5549F202B9E5600B1521E /* LaunchScreen.storyboard in Resources */,
				E7603904204612820060C245 /* GoogleService-Info.plist in Resources */,
				CAF5549C202B9E5600B1521E /* Assets.xcassets in Resources */,
				CAF5549A202B9E5600B1521E /* Main.storyboard in Resources */,
			);
			runOnlyForDeploymentPostprocessing = 0;
		};
/* End PBXResourcesBuildPhase section */

/* Begin PBXShellScriptBuildPhase section */
		0095B024E23BF07A5CF3ACEA /* [CP] Check Pods Manifest.lock */ = {
			isa = PBXShellScriptBuildPhase;
			buildActionMask = 2147483647;
			files = (
			);
			inputPaths = (
				"${PODS_PODFILE_DIR_PATH}/Podfile.lock",
				"${PODS_ROOT}/Manifest.lock",
			);
			name = "[CP] Check Pods Manifest.lock";
			outputPaths = (
				"$(DERIVED_FILE_DIR)/Pods-climateConvos-checkManifestLockResult.txt",
			);
			runOnlyForDeploymentPostprocessing = 0;
			shellPath = /bin/sh;
			shellScript = "diff \"${PODS_PODFILE_DIR_PATH}/Podfile.lock\" \"${PODS_ROOT}/Manifest.lock\" > /dev/null\nif [ $? != 0 ] ; then\n    # print error to STDERR\n    echo \"error: The sandbox is not in sync with the Podfile.lock. Run 'pod install' or update your CocoaPods installation.\" >&2\n    exit 1\nfi\n# This output is used by Xcode 'outputs' to avoid re-running this script phase.\necho \"SUCCESS\" > \"${SCRIPT_OUTPUT_FILE_0}\"\n";
			showEnvVarsInLog = 0;
		};
		7EFDCF643AFC1EDDE86668F3 /* [CP] Copy Pods Resources */ = {
			isa = PBXShellScriptBuildPhase;
			buildActionMask = 2147483647;
			files = (
			);
			inputPaths = (
			);
			name = "[CP] Copy Pods Resources";
			outputPaths = (
			);
			runOnlyForDeploymentPostprocessing = 0;
			shellPath = /bin/sh;
			shellScript = "\"${SRCROOT}/Pods/Target Support Files/Pods-climateConvos/Pods-climateConvos-resources.sh\"\n";
			showEnvVarsInLog = 0;
		};
		802AE048581E6316B2BE5C66 /* [CP] Embed Pods Frameworks */ = {
			isa = PBXShellScriptBuildPhase;
			buildActionMask = 2147483647;
			files = (
			);
			inputPaths = (
			);
			name = "[CP] Embed Pods Frameworks";
			outputPaths = (
			);
			runOnlyForDeploymentPostprocessing = 0;
			shellPath = /bin/sh;
			shellScript = "\"${SRCROOT}/Pods/Target Support Files/Pods-climateConvos/Pods-climateConvos-frameworks.sh\"\n";
			showEnvVarsInLog = 0;
		};
/* End PBXShellScriptBuildPhase section */

/* Begin PBXSourcesBuildPhase section */
		CAF5548B202B9E5600B1521E /* Sources */ = {
			isa = PBXSourcesBuildPhase;
			buildActionMask = 2147483647;
			files = (
				E75578B3204DD96D00E01ED3 /* howDoesViewController.m in Sources */,
				E75578B2204DD96D00E01ED3 /* whatIsItViewController.m in Sources */,
				E75578B1204DD96D00E01ED3 /* proactiveViewController.m in Sources */,
				CAF554A2202B9E5600B1521E /* main.m in Sources */,
				B6A1177C202BAD2200218EEE /* DiscoverViewController.m in Sources */,
				B64B1AF42075A41700E4F0CD /* iCarousel.m in Sources */,
				CA0A851B2069874C006BC7DA /* singleFactoid.m in Sources */,
				CAF554AA202B9E8100B1521E /* TutorialViewController.m in Sources */,
				CAF55494202B9E5600B1521E /* AppDelegate.m in Sources */,
				A7C2B435204A187000561ADF /* ViewController.m in Sources */,
				B631685F207EB2A8008B7503 /* CategoriesViewController.m in Sources */,
				E75578AF204DD96D00E01ED3 /* EducationViewController.m in Sources */,
				B64B1AF120759FC100E4F0CD /* ScrollDemoViewController.m in Sources */,
				E75578B0204DD96D00E01ED3 /* whatCanViewController.m in Sources */,
			);
			runOnlyForDeploymentPostprocessing = 0;
		};
/* End PBXSourcesBuildPhase section */

/* Begin PBXVariantGroup section */
		CAF55498202B9E5600B1521E /* Main.storyboard */ = {
			isa = PBXVariantGroup;
			children = (
				CAF55499202B9E5600B1521E /* Base */,
			);
			name = Main.storyboard;
			sourceTree = "<group>";
		};
		CAF5549D202B9E5600B1521E /* LaunchScreen.storyboard */ = {
			isa = PBXVariantGroup;
			children = (
				CAF5549E202B9E5600B1521E /* Base */,
			);
			name = LaunchScreen.storyboard;
			sourceTree = "<group>";
		};
/* End PBXVariantGroup section */

/* Begin XCBuildConfiguration section */
		CAF554A3202B9E5600B1521E /* Debug */ = {
			isa = XCBuildConfiguration;
			buildSettings = {
				ALWAYS_SEARCH_USER_PATHS = NO;
				CLANG_ANALYZER_NONNULL = YES;
				CLANG_ANALYZER_NUMBER_OBJECT_CONVERSION = YES_AGGRESSIVE;
				CLANG_CXX_LANGUAGE_STANDARD = "gnu++14";
				CLANG_CXX_LIBRARY = "libc++";
				CLANG_ENABLE_MODULES = YES;
				CLANG_ENABLE_OBJC_ARC = YES;
				CLANG_WARN_BLOCK_CAPTURE_AUTORELEASING = YES;
				CLANG_WARN_BOOL_CONVERSION = YES;
				CLANG_WARN_COMMA = YES;
				CLANG_WARN_CONSTANT_CONVERSION = YES;
				CLANG_WARN_DIRECT_OBJC_ISA_USAGE = YES_ERROR;
				CLANG_WARN_DOCUMENTATION_COMMENTS = YES;
				CLANG_WARN_EMPTY_BODY = YES;
				CLANG_WARN_ENUM_CONVERSION = YES;
				CLANG_WARN_INFINITE_RECURSION = YES;
				CLANG_WARN_INT_CONVERSION = YES;
				CLANG_WARN_NON_LITERAL_NULL_CONVERSION = YES;
				CLANG_WARN_OBJC_LITERAL_CONVERSION = YES;
				CLANG_WARN_OBJC_ROOT_CLASS = YES_ERROR;
				CLANG_WARN_RANGE_LOOP_ANALYSIS = YES;
				CLANG_WARN_STRICT_PROTOTYPES = YES;
				CLANG_WARN_SUSPICIOUS_MOVE = YES;
				CLANG_WARN_UNGUARDED_AVAILABILITY = YES_AGGRESSIVE;
				CLANG_WARN_UNREACHABLE_CODE = YES;
				CLANG_WARN__DUPLICATE_METHOD_MATCH = YES;
				CODE_SIGN_IDENTITY = "iPhone Developer";
				COPY_PHASE_STRIP = NO;
				DEBUG_INFORMATION_FORMAT = dwarf;
				ENABLE_STRICT_OBJC_MSGSEND = YES;
				ENABLE_TESTABILITY = YES;
				GCC_C_LANGUAGE_STANDARD = gnu11;
				GCC_DYNAMIC_NO_PIC = NO;
				GCC_NO_COMMON_BLOCKS = YES;
				GCC_OPTIMIZATION_LEVEL = 0;
				GCC_PREPROCESSOR_DEFINITIONS = (
					"DEBUG=1",
					"$(inherited)",
				);
				GCC_WARN_64_TO_32_BIT_CONVERSION = YES;
				GCC_WARN_ABOUT_RETURN_TYPE = YES_ERROR;
				GCC_WARN_UNDECLARED_SELECTOR = YES;
				GCC_WARN_UNINITIALIZED_AUTOS = YES_AGGRESSIVE;
				GCC_WARN_UNUSED_FUNCTION = YES;
				GCC_WARN_UNUSED_VARIABLE = YES;
				IPHONEOS_DEPLOYMENT_TARGET = 11.2;
				MTL_ENABLE_DEBUG_INFO = YES;
				ONLY_ACTIVE_ARCH = YES;
				SDKROOT = iphoneos;
			};
			name = Debug;
		};
		CAF554A4202B9E5600B1521E /* Release */ = {
			isa = XCBuildConfiguration;
			buildSettings = {
				ALWAYS_SEARCH_USER_PATHS = NO;
				CLANG_ANALYZER_NONNULL = YES;
				CLANG_ANALYZER_NUMBER_OBJECT_CONVERSION = YES_AGGRESSIVE;
				CLANG_CXX_LANGUAGE_STANDARD = "gnu++14";
				CLANG_CXX_LIBRARY = "libc++";
				CLANG_ENABLE_MODULES = YES;
				CLANG_ENABLE_OBJC_ARC = YES;
				CLANG_WARN_BLOCK_CAPTURE_AUTORELEASING = YES;
				CLANG_WARN_BOOL_CONVERSION = YES;
				CLANG_WARN_COMMA = YES;
				CLANG_WARN_CONSTANT_CONVERSION = YES;
				CLANG_WARN_DIRECT_OBJC_ISA_USAGE = YES_ERROR;
				CLANG_WARN_DOCUMENTATION_COMMENTS = YES;
				CLANG_WARN_EMPTY_BODY = YES;
				CLANG_WARN_ENUM_CONVERSION = YES;
				CLANG_WARN_INFINITE_RECURSION = YES;
				CLANG_WARN_INT_CONVERSION = YES;
				CLANG_WARN_NON_LITERAL_NULL_CONVERSION = YES;
				CLANG_WARN_OBJC_LITERAL_CONVERSION = YES;
				CLANG_WARN_OBJC_ROOT_CLASS = YES_ERROR;
				CLANG_WARN_RANGE_LOOP_ANALYSIS = YES;
				CLANG_WARN_STRICT_PROTOTYPES = YES;
				CLANG_WARN_SUSPICIOUS_MOVE = YES;
				CLANG_WARN_UNGUARDED_AVAILABILITY = YES_AGGRESSIVE;
				CLANG_WARN_UNREACHABLE_CODE = YES;
				CLANG_WARN__DUPLICATE_METHOD_MATCH = YES;
				CODE_SIGN_IDENTITY = "iPhone Developer";
				COPY_PHASE_STRIP = NO;
				DEBUG_INFORMATION_FORMAT = "dwarf-with-dsym";
				ENABLE_NS_ASSERTIONS = NO;
				ENABLE_STRICT_OBJC_MSGSEND = YES;
				GCC_C_LANGUAGE_STANDARD = gnu11;
				GCC_NO_COMMON_BLOCKS = YES;
				GCC_WARN_64_TO_32_BIT_CONVERSION = YES;
				GCC_WARN_ABOUT_RETURN_TYPE = YES_ERROR;
				GCC_WARN_UNDECLARED_SELECTOR = YES;
				GCC_WARN_UNINITIALIZED_AUTOS = YES_AGGRESSIVE;
				GCC_WARN_UNUSED_FUNCTION = YES;
				GCC_WARN_UNUSED_VARIABLE = YES;
				IPHONEOS_DEPLOYMENT_TARGET = 11.2;
				MTL_ENABLE_DEBUG_INFO = NO;
				ONLY_ACTIVE_ARCH = YES;
				SDKROOT = iphoneos;
				VALIDATE_PRODUCT = YES;
			};
			name = Release;
		};
		CAF554A6202B9E5600B1521E /* Debug */ = {
			isa = XCBuildConfiguration;
			baseConfigurationReference = 733D98D011E3D98921342933 /* Pods-climateConvos.debug.xcconfig */;
			buildSettings = {
				ASSETCATALOG_COMPILER_APPICON_NAME = AppIcon;
				CODE_SIGN_STYLE = Automatic;
				GCC_NO_COMMON_BLOCKS = YES;
				INFOPLIST_FILE = climateConvos/Info.plist;
				LD_RUNPATH_SEARCH_PATHS = "$(inherited) @executable_path/Frameworks";
				ONLY_ACTIVE_ARCH = YES;
				OTHER_LDFLAGS = "$(inherited)";
				PRODUCT_BUNDLE_IDENTIFIER = acn96.climateConvos;
				PRODUCT_NAME = "$(TARGET_NAME)";
				TARGETED_DEVICE_FAMILY = "1,2";
			};
			name = Debug;
		};
		CAF554A7202B9E5600B1521E /* Release */ = {
			isa = XCBuildConfiguration;
			baseConfigurationReference = B5BFFC3BCBD5962E5EAA6D39 /* Pods-climateConvos.release.xcconfig */;
			buildSettings = {
				ASSETCATALOG_COMPILER_APPICON_NAME = AppIcon;
				CODE_SIGN_STYLE = Automatic;
				GCC_NO_COMMON_BLOCKS = YES;
				INFOPLIST_FILE = climateConvos/Info.plist;
				LD_RUNPATH_SEARCH_PATHS = "$(inherited) @executable_path/Frameworks";
				ONLY_ACTIVE_ARCH = YES;
				OTHER_LDFLAGS = "$(inherited)";
				PRODUCT_BUNDLE_IDENTIFIER = acn96.climateConvos;
				PRODUCT_NAME = "$(TARGET_NAME)";
				TARGETED_DEVICE_FAMILY = "1,2";
			};
			name = Release;
		};
/* End XCBuildConfiguration section */

/* Begin XCConfigurationList section */
		CAF5548A202B9E5600B1521E /* Build configuration list for PBXProject "climateConvos" */ = {
			isa = XCConfigurationList;
			buildConfigurations = (
				CAF554A3202B9E5600B1521E /* Debug */,
				CAF554A4202B9E5600B1521E /* Release */,
			);
			defaultConfigurationIsVisible = 0;
			defaultConfigurationName = Release;
		};
		CAF554A5202B9E5600B1521E /* Build configuration list for PBXNativeTarget "climateConvos" */ = {
			isa = XCConfigurationList;
			buildConfigurations = (
				CAF554A6202B9E5600B1521E /* Debug */,
				CAF554A7202B9E5600B1521E /* Release */,
			);
			defaultConfigurationIsVisible = 0;
			defaultConfigurationName = Release;
		};
/* End XCConfigurationList section */
	};
	rootObject = CAF55487202B9E5600B1521E /* Project object */;
}
