// !$*UTF8*$!
{
	archiveVersion = 1;
	classes = {
	};
	objectVersion = 48;
	objects = {

/* Begin PBXBuildFile section */
		53C9D0BBA247DEF9485234B6 /* libPods-climateConvos.a in Frameworks */ = {isa = PBXBuildFile; fileRef = D3DDCC3C1E53D0557DD56E79 /* libPods-climateConvos.a */; };
		7A01D81220854EC100C832A9 /* CoreGraphics.framework in Frameworks */ = {isa = PBXBuildFile; fileRef = 7A01D81120854EC100C832A9 /* CoreGraphics.framework */; };
		7A01D81520854ECD00C832A9 /* AVKit.framework in Frameworks */ = {isa = PBXBuildFile; fileRef = 7A01D81320854ECC00C832A9 /* AVKit.framework */; };
		7A01D81620854ECD00C832A9 /* AVFoundation.framework in Frameworks */ = {isa = PBXBuildFile; fileRef = 7A01D81420854ECD00C832A9 /* AVFoundation.framework */; };
		7A01D81820854EF000C832A9 /* ImageIO.framework in Frameworks */ = {isa = PBXBuildFile; fileRef = 7A01D81720854EF000C832A9 /* ImageIO.framework */; };
		7A01D81A20854EFB00C832A9 /* UIKit.framework in Frameworks */ = {isa = PBXBuildFile; fileRef = 7A01D81920854EFB00C832A9 /* UIKit.framework */; };
		7A1385CD207BF342006BF698 /* NavigationViewController.m in Sources */ = {isa = PBXBuildFile; fileRef = 7A1385CC207BF342006BF698 /* NavigationViewController.m */; };
		7A1385D3207BF4D7006BF698 /* EmptySegue.m in Sources */ = {isa = PBXBuildFile; fileRef = 7A1385D2207BF4D7006BF698 /* EmptySegue.m */; };
		7A1385D6207BF683006BF698 /* ContainerViewController.m in Sources */ = {isa = PBXBuildFile; fileRef = 7A1385D5207BF683006BF698 /* ContainerViewController.m */; };
		7A4E2DBF208E688400A3375B /* geo.gif in Resources */ = {isa = PBXBuildFile; fileRef = 7A4E2DBE208E688000A3375B /* geo.gif */; };
		7A936CFC2087F21800651E3F /* GEOViewController.m in Sources */ = {isa = PBXBuildFile; fileRef = 7A936CFB2087F21800651E3F /* GEOViewController.m */; };
		7AFEB99B208AD34000BA7C31 /* geo.html in Resources */ = {isa = PBXBuildFile; fileRef = 7AFEB99A208AD33F00BA7C31 /* geo.html */; };
		B64B1AF120759FC100E4F0CD /* ScrollDemoViewController.m in Sources */ = {isa = PBXBuildFile; fileRef = B64B1AF020759FC100E4F0CD /* ScrollDemoViewController.m */; };
		B64B1AF42075A41700E4F0CD /* iCarousel.m in Sources */ = {isa = PBXBuildFile; fileRef = B64B1AF32075A41600E4F0CD /* iCarousel.m */; };
		B678F14420841749001CD0F5 /* ArticlesViewController.m in Sources */ = {isa = PBXBuildFile; fileRef = B678F14320841749001CD0F5 /* ArticlesViewController.m */; };
		B69EB1CD20757AF800E22425 /* QuartzCore.framework in Frameworks */ = {isa = PBXBuildFile; fileRef = B69EB1CC20757AF800E22425 /* QuartzCore.framework */; };
		B69FDE772085369F00B60C4C /* EducationViewController.m in Sources */ = {isa = PBXBuildFile; fileRef = B69FDE762085369F00B60C4C /* EducationViewController.m */; };
		CA7137A3208E6217008F57B1 /* Profile.m in Sources */ = {isa = PBXBuildFile; fileRef = CA7137A1208E6216008F57B1 /* Profile.m */; };
		CA920A3920815CD6003E78CD /* MessageUI.framework in Frameworks */ = {isa = PBXBuildFile; fileRef = CA920A3820815CD6003E78CD /* MessageUI.framework */; };
		CAF55494202B9E5600B1521E /* AppDelegate.m in Sources */ = {isa = PBXBuildFile; fileRef = CAF55493202B9E5600B1521E /* AppDelegate.m */; };
		CAF5549A202B9E5600B1521E /* Main.storyboard in Resources */ = {isa = PBXBuildFile; fileRef = CAF55498202B9E5600B1521E /* Main.storyboard */; };
		CAF5549C202B9E5600B1521E /* Assets.xcassets in Resources */ = {isa = PBXBuildFile; fileRef = CAF5549B202B9E5600B1521E /* Assets.xcassets */; };
		CAF5549F202B9E5600B1521E /* LaunchScreen.storyboard in Resources */ = {isa = PBXBuildFile; fileRef = CAF5549D202B9E5600B1521E /* LaunchScreen.storyboard */; };
		CAF554A2202B9E5600B1521E /* main.m in Sources */ = {isa = PBXBuildFile; fileRef = CAF554A1202B9E5600B1521E /* main.m */; };
		CAFD9ECF2081500000F5EB35 /* CategoriesViewController.m in Sources */ = {isa = PBXBuildFile; fileRef = CAFD9ECE2081500000F5EB35 /* CategoriesViewController.m */; };
		CAFD9ED2208153E400F5EB35 /* TutorialViewController.m in Sources */ = {isa = PBXBuildFile; fileRef = CAFD9ED0208153E300F5EB35 /* TutorialViewController.m */; };
		CAFD9ED52081559500F5EB35 /* DiscoverViewController.m in Sources */ = {isa = PBXBuildFile; fileRef = CAFD9ED32081559400F5EB35 /* DiscoverViewController.m */; };
		CAFD9ED8208155BF00F5EB35 /* singleFactoid.m in Sources */ = {isa = PBXBuildFile; fileRef = CAFD9ED6208155BF00F5EB35 /* singleFactoid.m */; };
		E7603904204612820060C245 /* GoogleService-Info.plist in Resources */ = {isa = PBXBuildFile; fileRef = E7603903204612820060C245 /* GoogleService-Info.plist */; };
/* End PBXBuildFile section */

/* Begin PBXFileReference section */
		733D98D011E3D98921342933 /* Pods-climateConvos.debug.xcconfig */ = {isa = PBXFileReference; includeInIndex = 1; lastKnownFileType = text.xcconfig; name = "Pods-climateConvos.debug.xcconfig"; path = "Pods/Target Support Files/Pods-climateConvos/Pods-climateConvos.debug.xcconfig"; sourceTree = "<group>"; };
		7A01D81120854EC100C832A9 /* CoreGraphics.framework */ = {isa = PBXFileReference; lastKnownFileType = wrapper.framework; name = CoreGraphics.framework; path = System/Library/Frameworks/CoreGraphics.framework; sourceTree = SDKROOT; };
		7A01D81320854ECC00C832A9 /* AVKit.framework */ = {isa = PBXFileReference; lastKnownFileType = wrapper.framework; name = AVKit.framework; path = System/Library/Frameworks/AVKit.framework; sourceTree = SDKROOT; };
		7A01D81420854ECD00C832A9 /* AVFoundation.framework */ = {isa = PBXFileReference; lastKnownFileType = wrapper.framework; name = AVFoundation.framework; path = System/Library/Frameworks/AVFoundation.framework; sourceTree = SDKROOT; };
		7A01D81720854EF000C832A9 /* ImageIO.framework */ = {isa = PBXFileReference; lastKnownFileType = wrapper.framework; name = ImageIO.framework; path = System/Library/Frameworks/ImageIO.framework; sourceTree = SDKROOT; };
		7A01D81920854EFB00C832A9 /* UIKit.framework */ = {isa = PBXFileReference; lastKnownFileType = wrapper.framework; name = UIKit.framework; path = System/Library/Frameworks/UIKit.framework; sourceTree = SDKROOT; };
		7A12FBC3208B2C3000AB0016 /* geo.gif */ = {isa = PBXFileReference; lastKnownFileType = image.gif; path = geo.gif; sourceTree = "<group>"; };
		7A1385CB207BF342006BF698 /* NavigationViewController.h */ = {isa = PBXFileReference; lastKnownFileType = sourcecode.c.h; path = NavigationViewController.h; sourceTree = "<group>"; };
		7A1385CC207BF342006BF698 /* NavigationViewController.m */ = {isa = PBXFileReference; lastKnownFileType = sourcecode.c.objc; path = NavigationViewController.m; sourceTree = "<group>"; };
		7A1385D1207BF4D7006BF698 /* EmptySegue.h */ = {isa = PBXFileReference; lastKnownFileType = sourcecode.c.h; path = EmptySegue.h; sourceTree = "<group>"; };
		7A1385D2207BF4D7006BF698 /* EmptySegue.m */ = {isa = PBXFileReference; lastKnownFileType = sourcecode.c.objc; path = EmptySegue.m; sourceTree = "<group>"; };
		7A1385D4207BF683006BF698 /* ContainerViewController.h */ = {isa = PBXFileReference; lastKnownFileType = sourcecode.c.h; path = ContainerViewController.h; sourceTree = "<group>"; };
		7A1385D5207BF683006BF698 /* ContainerViewController.m */ = {isa = PBXFileReference; lastKnownFileType = sourcecode.c.objc; path = ContainerViewController.m; sourceTree = "<group>"; };
		7A158CFA2087D29300AEA7FE /* house-selected.png */ = {isa = PBXFileReference; lastKnownFileType = image.png; path = "house-selected.png"; sourceTree = "<group>"; };
		7A4E2DBE208E688000A3375B /* geo.gif */ = {isa = PBXFileReference; lastKnownFileType = image.gif; name = geo.gif; path = ../../../geo.gif; sourceTree = "<group>"; };
		7A936CFA2087F21800651E3F /* GEOViewController.h */ = {isa = PBXFileReference; lastKnownFileType = sourcecode.c.h; path = GEOViewController.h; sourceTree = "<group>"; };
		7A936CFB2087F21800651E3F /* GEOViewController.m */ = {isa = PBXFileReference; lastKnownFileType = sourcecode.c.objc; path = GEOViewController.m; sourceTree = "<group>"; };
		7AFEB99A208AD33F00BA7C31 /* geo.html */ = {isa = PBXFileReference; fileEncoding = 4; lastKnownFileType = text.html; path = geo.html; sourceTree = "<group>"; };
		B5BFFC3BCBD5962E5EAA6D39 /* Pods-climateConvos.release.xcconfig */ = {isa = PBXFileReference; includeInIndex = 1; lastKnownFileType = text.xcconfig; name = "Pods-climateConvos.release.xcconfig"; path = "Pods/Target Support Files/Pods-climateConvos/Pods-climateConvos.release.xcconfig"; sourceTree = "<group>"; };
		B64B1AEF20759FC100E4F0CD /* ScrollDemoViewController.h */ = {isa = PBXFileReference; lastKnownFileType = sourcecode.c.h; path = ScrollDemoViewController.h; sourceTree = "<group>"; };
		B64B1AF020759FC100E4F0CD /* ScrollDemoViewController.m */ = {isa = PBXFileReference; lastKnownFileType = sourcecode.c.objc; path = ScrollDemoViewController.m; sourceTree = "<group>"; };
		B64B1AF22075A41600E4F0CD /* iCarousel.h */ = {isa = PBXFileReference; fileEncoding = 4; lastKnownFileType = sourcecode.c.h; path = iCarousel.h; sourceTree = "<group>"; };
		B64B1AF32075A41600E4F0CD /* iCarousel.m */ = {isa = PBXFileReference; fileEncoding = 4; lastKnownFileType = sourcecode.c.objc; path = iCarousel.m; sourceTree = "<group>"; };
		B678F14220841749001CD0F5 /* ArticlesViewController.h */ = {isa = PBXFileReference; lastKnownFileType = sourcecode.c.h; path = ArticlesViewController.h; sourceTree = "<group>"; };
		B678F14320841749001CD0F5 /* ArticlesViewController.m */ = {isa = PBXFileReference; lastKnownFileType = sourcecode.c.objc; path = ArticlesViewController.m; sourceTree = "<group>"; };
		B69EB1CC20757AF800E22425 /* QuartzCore.framework */ = {isa = PBXFileReference; lastKnownFileType = wrapper.framework; name = QuartzCore.framework; path = System/Library/Frameworks/QuartzCore.framework; sourceTree = SDKROOT; };
		B69FDE752085369F00B60C4C /* EducationViewController.h */ = {isa = PBXFileReference; fileEncoding = 4; lastKnownFileType = sourcecode.c.h; path = EducationViewController.h; sourceTree = "<group>"; };
		B69FDE762085369F00B60C4C /* EducationViewController.m */ = {isa = PBXFileReference; fileEncoding = 4; lastKnownFileType = sourcecode.c.objc; path = EducationViewController.m; sourceTree = "<group>"; };
		CA7137A1208E6216008F57B1 /* Profile.m */ = {isa = PBXFileReference; fileEncoding = 4; lastKnownFileType = sourcecode.c.objc; path = Profile.m; sourceTree = "<group>"; };
		CA7137A2208E6217008F57B1 /* Profile.h */ = {isa = PBXFileReference; fileEncoding = 4; lastKnownFileType = sourcecode.c.h; path = Profile.h; sourceTree = "<group>"; };
		CA920A3820815CD6003E78CD /* MessageUI.framework */ = {isa = PBXFileReference; lastKnownFileType = wrapper.framework; name = MessageUI.framework; path = System/Library/Frameworks/MessageUI.framework; sourceTree = SDKROOT; };
		CAF5548F202B9E5600B1521E /* climateConvos.app */ = {isa = PBXFileReference; explicitFileType = wrapper.application; includeInIndex = 0; path = climateConvos.app; sourceTree = BUILT_PRODUCTS_DIR; };
		CAF55492202B9E5600B1521E /* AppDelegate.h */ = {isa = PBXFileReference; lastKnownFileType = sourcecode.c.h; path = AppDelegate.h; sourceTree = "<group>"; };
		CAF55493202B9E5600B1521E /* AppDelegate.m */ = {isa = PBXFileReference; lastKnownFileType = sourcecode.c.objc; path = AppDelegate.m; sourceTree = "<group>"; };
		CAF55499202B9E5600B1521E /* Base */ = {isa = PBXFileReference; lastKnownFileType = file.storyboard; name = Base; path = Base.lproj/Main.storyboard; sourceTree = "<group>"; };
		CAF5549B202B9E5600B1521E /* Assets.xcassets */ = {isa = PBXFileReference; lastKnownFileType = folder.assetcatalog; path = Assets.xcassets; sourceTree = "<group>"; };
		CAF5549E202B9E5600B1521E /* Base */ = {isa = PBXFileReference; lastKnownFileType = file.storyboard; name = Base; path = Base.lproj/LaunchScreen.storyboard; sourceTree = "<group>"; };
		CAF554A0202B9E5600B1521E /* Info.plist */ = {isa = PBXFileReference; lastKnownFileType = text.plist.xml; path = Info.plist; sourceTree = "<group>"; };
		CAF554A1202B9E5600B1521E /* main.m */ = {isa = PBXFileReference; lastKnownFileType = sourcecode.c.objc; path = main.m; sourceTree = "<group>"; };
		CAFD9ECD2081500000F5EB35 /* CategoriesViewController.h */ = {isa = PBXFileReference; fileEncoding = 4; lastKnownFileType = sourcecode.c.h; path = CategoriesViewController.h; sourceTree = "<group>"; };
		CAFD9ECE2081500000F5EB35 /* CategoriesViewController.m */ = {isa = PBXFileReference; fileEncoding = 4; lastKnownFileType = sourcecode.c.objc; path = CategoriesViewController.m; sourceTree = "<group>"; };
		CAFD9ED0208153E300F5EB35 /* TutorialViewController.m */ = {isa = PBXFileReference; fileEncoding = 4; lastKnownFileType = sourcecode.c.objc; path = TutorialViewController.m; sourceTree = "<group>"; };
		CAFD9ED1208153E400F5EB35 /* TutorialViewController.h */ = {isa = PBXFileReference; fileEncoding = 4; lastKnownFileType = sourcecode.c.h; path = TutorialViewController.h; sourceTree = "<group>"; };
		CAFD9ED32081559400F5EB35 /* DiscoverViewController.m */ = {isa = PBXFileReference; fileEncoding = 4; lastKnownFileType = sourcecode.c.objc; path = DiscoverViewController.m; sourceTree = "<group>"; };
		CAFD9ED42081559500F5EB35 /* DiscoverViewController.h */ = {isa = PBXFileReference; fileEncoding = 4; lastKnownFileType = sourcecode.c.h; path = DiscoverViewController.h; sourceTree = "<group>"; };
		CAFD9ED6208155BF00F5EB35 /* singleFactoid.m */ = {isa = PBXFileReference; fileEncoding = 4; lastKnownFileType = sourcecode.c.objc; path = singleFactoid.m; sourceTree = "<group>"; };
		CAFD9ED7208155BF00F5EB35 /* singleFactoid.h */ = {isa = PBXFileReference; fileEncoding = 4; lastKnownFileType = sourcecode.c.h; path = singleFactoid.h; sourceTree = "<group>"; };
		D3DDCC3C1E53D0557DD56E79 /* libPods-climateConvos.a */ = {isa = PBXFileReference; explicitFileType = archive.ar; includeInIndex = 0; path = "libPods-climateConvos.a"; sourceTree = BUILT_PRODUCTS_DIR; };
		E7603903204612820060C245 /* GoogleService-Info.plist */ = {isa = PBXFileReference; fileEncoding = 4; lastKnownFileType = text.plist.xml; path = "GoogleService-Info.plist"; sourceTree = "<group>"; };
/* End PBXFileReference section */

/* Begin PBXFrameworksBuildPhase section */
		CAF5548C202B9E5600B1521E /* Frameworks */ = {
			isa = PBXFrameworksBuildPhase;
			buildActionMask = 2147483647;
			files = (
				7A01D81A20854EFB00C832A9 /* UIKit.framework in Frameworks */,
				7A01D81820854EF000C832A9 /* ImageIO.framework in Frameworks */,
				7A01D81520854ECD00C832A9 /* AVKit.framework in Frameworks */,
				7A01D81620854ECD00C832A9 /* AVFoundation.framework in Frameworks */,
				7A01D81220854EC100C832A9 /* CoreGraphics.framework in Frameworks */,
				CA920A3920815CD6003E78CD /* MessageUI.framework in Frameworks */,
				B69EB1CD20757AF800E22425 /* QuartzCore.framework in Frameworks */,
				53C9D0BBA247DEF9485234B6 /* libPods-climateConvos.a in Frameworks */,
			);
			runOnlyForDeploymentPostprocessing = 0;
		};
/* End PBXFrameworksBuildPhase section */

/* Begin PBXGroup section */
		09C4DCD11E88711E6F20B7D4 /* Pods */ = {
			isa = PBXGroup;
			children = (
				733D98D011E3D98921342933 /* Pods-climateConvos.debug.xcconfig */,
				B5BFFC3BCBD5962E5EAA6D39 /* Pods-climateConvos.release.xcconfig */,
			);
			name = Pods;
			sourceTree = "<group>";
		};
		19A085A659FE924496B90486 /* Frameworks */ = {
			isa = PBXGroup;
			children = (
				7A01D81920854EFB00C832A9 /* UIKit.framework */,
				7A01D81720854EF000C832A9 /* ImageIO.framework */,
				7A01D81420854ECD00C832A9 /* AVFoundation.framework */,
				7A01D81320854ECC00C832A9 /* AVKit.framework */,
				7A01D81120854EC100C832A9 /* CoreGraphics.framework */,
				CA920A3820815CD6003E78CD /* MessageUI.framework */,
				B69EB1CC20757AF800E22425 /* QuartzCore.framework */,
				D3DDCC3C1E53D0557DD56E79 /* libPods-climateConvos.a */,
			);
			name = Frameworks;
			sourceTree = "<group>";
		};
		7A0476DD20872A3C009765D5 /* Profile */ = {
			isa = PBXGroup;
			children = (
				CA7137A2208E6217008F57B1 /* Profile.h */,
				CA7137A1208E6216008F57B1 /* Profile.m */,
			);
			name = Profile;
			sourceTree = "<group>";
		};
		7A936CFD2087F22400651E3F /* GEO */ = {
			isa = PBXGroup;
			children = (
				7A12FBC3208B2C3000AB0016 /* geo.gif */,
				7AFEB99A208AD33F00BA7C31 /* geo.html */,
				7A936CFA2087F21800651E3F /* GEOViewController.h */,
				7A936CFB2087F21800651E3F /* GEOViewController.m */,
			);
			name = GEO;
			sourceTree = "<group>";
		};
		7AFD84C5207CAA210029ED54 /* NavBar */ = {
			isa = PBXGroup;
			children = (
				7A1385D1207BF4D7006BF698 /* EmptySegue.h */,
				7A1385D2207BF4D7006BF698 /* EmptySegue.m */,
				7A1385D4207BF683006BF698 /* ContainerViewController.h */,
				7A1385D5207BF683006BF698 /* ContainerViewController.m */,
				7A1385CB207BF342006BF698 /* NavigationViewController.h */,
				7A1385CC207BF342006BF698 /* NavigationViewController.m */,
			);
			name = NavBar;
			sourceTree = "<group>";
		};
		B6DE172D208414F00068C02F /* Tutorial */ = {
			isa = PBXGroup;
			children = (
				CAFD9ED1208153E400F5EB35 /* TutorialViewController.h */,
				CAFD9ED0208153E300F5EB35 /* TutorialViewController.m */,
			);
			name = Tutorial;
			sourceTree = "<group>";
		};
		B6DE172E208414FE0068C02F /* Carousel */ = {
			isa = PBXGroup;
			children = (
				B64B1AF22075A41600E4F0CD /* iCarousel.h */,
				B64B1AF32075A41600E4F0CD /* iCarousel.m */,
			);
			name = Carousel;
			sourceTree = "<group>";
		};
		B6DE172F2084150A0068C02F /* Discover */ = {
			isa = PBXGroup;
			children = (
				CAFD9ED7208155BF00F5EB35 /* singleFactoid.h */,
				CAFD9ED6208155BF00F5EB35 /* singleFactoid.m */,
				CAFD9ED42081559500F5EB35 /* DiscoverViewController.h */,
				CAFD9ED32081559400F5EB35 /* DiscoverViewController.m */,
			);
			name = Discover;
			sourceTree = "<group>";
		};
		B6DE17302084151B0068C02F /* Categories */ = {
			isa = PBXGroup;
			children = (
				CAFD9ECD2081500000F5EB35 /* CategoriesViewController.h */,
				CAFD9ECE2081500000F5EB35 /* CategoriesViewController.m */,
				B678F14220841749001CD0F5 /* ArticlesViewController.h */,
				B678F14320841749001CD0F5 /* ArticlesViewController.m */,
			);
			name = Categories;
			sourceTree = "<group>";
		};
		B6DE1731208415400068C02F /* Education */ = {
			isa = PBXGroup;
			children = (
				B69FDE752085369F00B60C4C /* EducationViewController.h */,
				B69FDE762085369F00B60C4C /* EducationViewController.m */,
			);
			name = Education;
			sourceTree = "<group>";
		};
		CAF55486202B9E5600B1521E = {
			isa = PBXGroup;
			children = (
				CAF55491202B9E5600B1521E /* climateConvos */,
				CAF55490202B9E5600B1521E /* Products */,
				09C4DCD11E88711E6F20B7D4 /* Pods */,
				19A085A659FE924496B90486 /* Frameworks */,
			);
			sourceTree = "<group>";
		};
		CAF55490202B9E5600B1521E /* Products */ = {
			isa = PBXGroup;
			children = (
				CAF5548F202B9E5600B1521E /* climateConvos.app */,
			);
			name = Products;
			sourceTree = "<group>";
		};
		CAF55491202B9E5600B1521E /* climateConvos */ = {
			isa = PBXGroup;
			children = (
				7A936CFD2087F22400651E3F /* GEO */,
				7A0476DD20872A3C009765D5 /* Profile */,
				7AFD84C5207CAA210029ED54 /* NavBar */,
				B6DE1731208415400068C02F /* Education */,
				B6DE17302084151B0068C02F /* Categories */,
				B6DE172F2084150A0068C02F /* Discover */,
				B6DE172E208414FE0068C02F /* Carousel */,
				B6DE172D208414F00068C02F /* Tutorial */,
				CAF55498202B9E5600B1521E /* Main.storyboard */,
				7A4E2DBE208E688000A3375B /* geo.gif */,
				E7603903204612820060C245 /* GoogleService-Info.plist */,
				CAF5549B202B9E5600B1521E /* Assets.xcassets */,
				7A158CFA2087D29300AEA7FE /* house-selected.png */,
				E79B1133202BB5DB00F6A0ED /* Exxtra */,
			);
			path = climateConvos;
			sourceTree = "<group>";
		};
		E79B1133202BB5DB00F6A0ED /* Exxtra */ = {
			isa = PBXGroup;
			children = (
				CAF5549D202B9E5600B1521E /* LaunchScreen.storyboard */,
				CAF554A0202B9E5600B1521E /* Info.plist */,
				CAF554A1202B9E5600B1521E /* main.m */,
				CAF55492202B9E5600B1521E /* AppDelegate.h */,
				CAF55493202B9E5600B1521E /* AppDelegate.m */,
				B64B1AEF20759FC100E4F0CD /* ScrollDemoViewController.h */,
				B64B1AF020759FC100E4F0CD /* ScrollDemoViewController.m */,
			);
			name = Exxtra;
			sourceTree = "<group>";
		};
/* End PBXGroup section */

/* Begin PBXNativeTarget section */
		CAF5548E202B9E5600B1521E /* climateConvos */ = {
			isa = PBXNativeTarget;
			buildConfigurationList = CAF554A5202B9E5600B1521E /* Build configuration list for PBXNativeTarget "climateConvos" */;
			buildPhases = (
				0095B024E23BF07A5CF3ACEA /* [CP] Check Pods Manifest.lock */,
				CAF5548B202B9E5600B1521E /* Sources */,
				CAF5548C202B9E5600B1521E /* Frameworks */,
				CAF5548D202B9E5600B1521E /* Resources */,
				802AE048581E6316B2BE5C66 /* [CP] Embed Pods Frameworks */,
				7EFDCF643AFC1EDDE86668F3 /* [CP] Copy Pods Resources */,
			);
			buildRules = (
			);
			dependencies = (
			);
			name = climateConvos;
			productName = climateConvos;
			productReference = CAF5548F202B9E5600B1521E /* climateConvos.app */;
			productType = "com.apple.product-type.application";
		};
/* End PBXNativeTarget section */

/* Begin PBXProject section */
		CAF55487202B9E5600B1521E /* Project object */ = {
			isa = PBXProject;
			attributes = {
				LastUpgradeCheck = 0920;
				ORGANIZATIONNAME = acn96;
				TargetAttributes = {
					CAF5548E202B9E5600B1521E = {
						CreatedOnToolsVersion = 9.2;
						ProvisioningStyle = Automatic;
					};
				};
			};
			buildConfigurationList = CAF5548A202B9E5600B1521E /* Build configuration list for PBXProject "climateConvos" */;
			compatibilityVersion = "Xcode 8.0";
			developmentRegion = en;
			hasScannedForEncodings = 0;
			knownRegions = (
				en,
				Base,
			);
			mainGroup = CAF55486202B9E5600B1521E;
			productRefGroup = CAF55490202B9E5600B1521E /* Products */;
			projectDirPath = "";
			projectRoot = "";
			targets = (
				CAF5548E202B9E5600B1521E /* climateConvos */,
			);
		};
/* End PBXProject section */

/* Begin PBXResourcesBuildPhase section */
		CAF5548D202B9E5600B1521E /* Resources */ = {
			isa = PBXResourcesBuildPhase;
			buildActionMask = 2147483647;
			files = (
				7A4E2DBF208E688400A3375B /* geo.gif in Resources */,
				7AFEB99B208AD34000BA7C31 /* geo.html in Resources */,
				CAF5549F202B9E5600B1521E /* LaunchScreen.storyboard in Resources */,
				E7603904204612820060C245 /* GoogleService-Info.plist in Resources */,
				CAF5549C202B9E5600B1521E /* Assets.xcassets in Resources */,
				CAF5549A202B9E5600B1521E /* Main.storyboard in Resources */,
			);
			runOnlyForDeploymentPostprocessing = 0;
		};
/* End PBXResourcesBuildPhase section */

/* Begin PBXShellScriptBuildPhase section */
		0095B024E23BF07A5CF3ACEA /* [CP] Check Pods Manifest.lock */ = {
			isa = PBXShellScriptBuildPhase;
			buildActionMask = 2147483647;
			files = (
			);
			inputPaths = (
				"${PODS_PODFILE_DIR_PATH}/Podfile.lock",
				"${PODS_ROOT}/Manifest.lock",
			);
			name = "[CP] Check Pods Manifest.lock";
			outputPaths = (
				"$(DERIVED_FILE_DIR)/Pods-climateConvos-checkManifestLockResult.txt",
			);
			runOnlyForDeploymentPostprocessing = 0;
			shellPath = /bin/sh;
			shellScript = "diff \"${PODS_PODFILE_DIR_PATH}/Podfile.lock\" \"${PODS_ROOT}/Manifest.lock\" > /dev/null\nif [ $? != 0 ] ; then\n    # print error to STDERR\n    echo \"error: The sandbox is not in sync with the Podfile.lock. Run 'pod install' or update your CocoaPods installation.\" >&2\n    exit 1\nfi\n# This output is used by Xcode 'outputs' to avoid re-running this script phase.\necho \"SUCCESS\" > \"${SCRIPT_OUTPUT_FILE_0}\"\n";
			showEnvVarsInLog = 0;
		};
		7EFDCF643AFC1EDDE86668F3 /* [CP] Copy Pods Resources */ = {
			isa = PBXShellScriptBuildPhase;
			buildActionMask = 2147483647;
			files = (
			);
			inputPaths = (
			);
			name = "[CP] Copy Pods Resources";
			outputPaths = (
			);
			runOnlyForDeploymentPostprocessing = 0;
			shellPath = /bin/sh;
			shellScript = "\"${SRCROOT}/Pods/Target Support Files/Pods-climateConvos/Pods-climateConvos-resources.sh\"\n";
			showEnvVarsInLog = 0;
		};
		802AE048581E6316B2BE5C66 /* [CP] Embed Pods Frameworks */ = {
			isa = PBXShellScriptBuildPhase;
			buildActionMask = 2147483647;
			files = (
			);
			inputPaths = (
			);
			name = "[CP] Embed Pods Frameworks";
			outputPaths = (
			);
			runOnlyForDeploymentPostprocessing = 0;
			shellPath = /bin/sh;
			shellScript = "\"${SRCROOT}/Pods/Target Support Files/Pods-climateConvos/Pods-climateConvos-frameworks.sh\"\n";
			showEnvVarsInLog = 0;
		};
/* End PBXShellScriptBuildPhase section */

/* Begin PBXSourcesBuildPhase section */
		CAF5548B202B9E5600B1521E /* Sources */ = {
			isa = PBXSourcesBuildPhase;
			buildActionMask = 2147483647;
			files = (
				7A936CFC2087F21800651E3F /* GEOViewController.m in Sources */,
				CAFD9ED52081559500F5EB35 /* DiscoverViewController.m in Sources */,
				7A1385CD207BF342006BF698 /* NavigationViewController.m in Sources */,
				CAF554A2202B9E5600B1521E /* main.m in Sources */,
				CAFD9ED8208155BF00F5EB35 /* singleFactoid.m in Sources */,
				CAFD9ED2208153E400F5EB35 /* TutorialViewController.m in Sources */,
				CA7137A3208E6217008F57B1 /* Profile.m in Sources */,
				7A1385D6207BF683006BF698 /* ContainerViewController.m in Sources */,
				7A1385D3207BF4D7006BF698 /* EmptySegue.m in Sources */,
				B678F14420841749001CD0F5 /* ArticlesViewController.m in Sources */,
				B64B1AF42075A41700E4F0CD /* iCarousel.m in Sources */,
				CAF55494202B9E5600B1521E /* AppDelegate.m in Sources */,
				B69FDE772085369F00B60C4C /* EducationViewController.m in Sources */,
				CAFD9ECF2081500000F5EB35 /* CategoriesViewController.m in Sources */,
				B64B1AF120759FC100E4F0CD /* ScrollDemoViewController.m in Sources */,
			);
			runOnlyForDeploymentPostprocessing = 0;
		};
/* End PBXSourcesBuildPhase section */

/* Begin PBXVariantGroup section */
		CAF55498202B9E5600B1521E /* Main.storyboard */ = {
			isa = PBXVariantGroup;
			children = (
				CAF55499202B9E5600B1521E /* Base */,
			);
			name = Main.storyboard;
			sourceTree = "<group>";
		};
		CAF5549D202B9E5600B1521E /* LaunchScreen.storyboard */ = {
			isa = PBXVariantGroup;
			children = (
				CAF5549E202B9E5600B1521E /* Base */,
			);
			name = LaunchScreen.storyboard;
			sourceTree = "<group>";
		};
/* End PBXVariantGroup section */

/* Begin XCBuildConfiguration section */
		CAF554A3202B9E5600B1521E /* Debug */ = {
			isa = XCBuildConfiguration;
			buildSettings = {
				ALWAYS_SEARCH_USER_PATHS = NO;
				CLANG_ANALYZER_NONNULL = YES;
				CLANG_ANALYZER_NUMBER_OBJECT_CONVERSION = YES_AGGRESSIVE;
				CLANG_CXX_LANGUAGE_STANDARD = "gnu++14";
				CLANG_CXX_LIBRARY = "libc++";
				CLANG_ENABLE_MODULES = YES;
				CLANG_ENABLE_OBJC_ARC = YES;
				CLANG_WARN_BLOCK_CAPTURE_AUTORELEASING = YES;
				CLANG_WARN_BOOL_CONVERSION = YES;
				CLANG_WARN_COMMA = YES;
				CLANG_WARN_CONSTANT_CONVERSION = YES;
				CLANG_WARN_DIRECT_OBJC_ISA_USAGE = YES_ERROR;
				CLANG_WARN_DOCUMENTATION_COMMENTS = YES;
				CLANG_WARN_EMPTY_BODY = YES;
				CLANG_WARN_ENUM_CONVERSION = YES;
				CLANG_WARN_INFINITE_RECURSION = YES;
				CLANG_WARN_INT_CONVERSION = YES;
				CLANG_WARN_NON_LITERAL_NULL_CONVERSION = YES;
				CLANG_WARN_OBJC_LITERAL_CONVERSION = YES;
				CLANG_WARN_OBJC_ROOT_CLASS = YES_ERROR;
				CLANG_WARN_RANGE_LOOP_ANALYSIS = YES;
				CLANG_WARN_STRICT_PROTOTYPES = YES;
				CLANG_WARN_SUSPICIOUS_MOVE = YES;
				CLANG_WARN_UNGUARDED_AVAILABILITY = YES_AGGRESSIVE;
				CLANG_WARN_UNREACHABLE_CODE = YES;
				CLANG_WARN__DUPLICATE_METHOD_MATCH = YES;
				CODE_SIGN_IDENTITY = "iPhone Developer";
				COPY_PHASE_STRIP = NO;
				DEBUG_INFORMATION_FORMAT = dwarf;
				ENABLE_STRICT_OBJC_MSGSEND = YES;
				ENABLE_TESTABILITY = YES;
				GCC_C_LANGUAGE_STANDARD = gnu11;
				GCC_DYNAMIC_NO_PIC = NO;
				GCC_NO_COMMON_BLOCKS = YES;
				GCC_OPTIMIZATION_LEVEL = 0;
				GCC_PREPROCESSOR_DEFINITIONS = (
					"DEBUG=1",
					"$(inherited)",
				);
				GCC_WARN_64_TO_32_BIT_CONVERSION = YES;
				GCC_WARN_ABOUT_RETURN_TYPE = YES_ERROR;
				GCC_WARN_UNDECLARED_SELECTOR = YES;
				GCC_WARN_UNINITIALIZED_AUTOS = YES_AGGRESSIVE;
				GCC_WARN_UNUSED_FUNCTION = YES;
				GCC_WARN_UNUSED_VARIABLE = YES;
				IPHONEOS_DEPLOYMENT_TARGET = 11.2;
				MTL_ENABLE_DEBUG_INFO = YES;
				ONLY_ACTIVE_ARCH = YES;
				SDKROOT = iphoneos;
			};
			name = Debug;
		};
		CAF554A4202B9E5600B1521E /* Release */ = {
			isa = XCBuildConfiguration;
			buildSettings = {
				ALWAYS_SEARCH_USER_PATHS = NO;
				CLANG_ANALYZER_NONNULL = YES;
				CLANG_ANALYZER_NUMBER_OBJECT_CONVERSION = YES_AGGRESSIVE;
				CLANG_CXX_LANGUAGE_STANDARD = "gnu++14";
				CLANG_CXX_LIBRARY = "libc++";
				CLANG_ENABLE_MODULES = YES;
				CLANG_ENABLE_OBJC_ARC = YES;
				CLANG_WARN_BLOCK_CAPTURE_AUTORELEASING = YES;
				CLANG_WARN_BOOL_CONVERSION = YES;
				CLANG_WARN_COMMA = YES;
				CLANG_WARN_CONSTANT_CONVERSION = YES;
				CLANG_WARN_DIRECT_OBJC_ISA_USAGE = YES_ERROR;
				CLANG_WARN_DOCUMENTATION_COMMENTS = YES;
				CLANG_WARN_EMPTY_BODY = YES;
				CLANG_WARN_ENUM_CONVERSION = YES;
				CLANG_WARN_INFINITE_RECURSION = YES;
				CLANG_WARN_INT_CONVERSION = YES;
				CLANG_WARN_NON_LITERAL_NULL_CONVERSION = YES;
				CLANG_WARN_OBJC_LITERAL_CONVERSION = YES;
				CLANG_WARN_OBJC_ROOT_CLASS = YES_ERROR;
				CLANG_WARN_RANGE_LOOP_ANALYSIS = YES;
				CLANG_WARN_STRICT_PROTOTYPES = YES;
				CLANG_WARN_SUSPICIOUS_MOVE = YES;
				CLANG_WARN_UNGUARDED_AVAILABILITY = YES_AGGRESSIVE;
				CLANG_WARN_UNREACHABLE_CODE = YES;
				CLANG_WARN__DUPLICATE_METHOD_MATCH = YES;
				CODE_SIGN_IDENTITY = "iPhone Developer";
				COPY_PHASE_STRIP = NO;
				DEBUG_INFORMATION_FORMAT = "dwarf-with-dsym";
				ENABLE_NS_ASSERTIONS = NO;
				ENABLE_STRICT_OBJC_MSGSEND = YES;
				GCC_C_LANGUAGE_STANDARD = gnu11;
				GCC_NO_COMMON_BLOCKS = YES;
				GCC_WARN_64_TO_32_BIT_CONVERSION = YES;
				GCC_WARN_ABOUT_RETURN_TYPE = YES_ERROR;
				GCC_WARN_UNDECLARED_SELECTOR = YES;
				GCC_WARN_UNINITIALIZED_AUTOS = YES_AGGRESSIVE;
				GCC_WARN_UNUSED_FUNCTION = YES;
				GCC_WARN_UNUSED_VARIABLE = YES;
				IPHONEOS_DEPLOYMENT_TARGET = 11.2;
				MTL_ENABLE_DEBUG_INFO = NO;
				ONLY_ACTIVE_ARCH = YES;
				SDKROOT = iphoneos;
				VALIDATE_PRODUCT = YES;
			};
			name = Release;
		};
		CAF554A6202B9E5600B1521E /* Debug */ = {
			isa = XCBuildConfiguration;
			baseConfigurationReference = 733D98D011E3D98921342933 /* Pods-climateConvos.debug.xcconfig */;
			buildSettings = {
				ASSETCATALOG_COMPILER_APPICON_NAME = AppIcon;
				"CODE_SIGN_IDENTITY[sdk=iphoneos*]" = "iPhone Developer";
				CODE_SIGN_STYLE = Automatic;
				DEVELOPMENT_TEAM = "";
				GCC_NO_COMMON_BLOCKS = YES;
				INFOPLIST_FILE = climateConvos/Info.plist;
				IPHONEOS_DEPLOYMENT_TARGET = 11.2;
				LD_RUNPATH_SEARCH_PATHS = "$(inherited) @executable_path/Frameworks";
				ONLY_ACTIVE_ARCH = YES;
				OTHER_LDFLAGS = "$(inherited)";
				PRODUCT_BUNDLE_IDENTIFIER = acn96.climateConvos;
				PRODUCT_NAME = "$(TARGET_NAME)";
				PROVISIONING_PROFILE_SPECIFIER = "";
				TARGETED_DEVICE_FAMILY = "1,2";
			};
			name = Debug;
		};
		CAF554A7202B9E5600B1521E /* Release */ = {
			isa = XCBuildConfiguration;
			baseConfigurationReference = B5BFFC3BCBD5962E5EAA6D39 /* Pods-climateConvos.release.xcconfig */;
			buildSettings = {
				ASSETCATALOG_COMPILER_APPICON_NAME = AppIcon;
				"CODE_SIGN_IDENTITY[sdk=iphoneos*]" = "iPhone Developer";
				CODE_SIGN_STYLE = Automatic;
				DEVELOPMENT_TEAM = "";
				GCC_NO_COMMON_BLOCKS = YES;
				INFOPLIST_FILE = climateConvos/Info.plist;
				IPHONEOS_DEPLOYMENT_TARGET = 11.2;
				LD_RUNPATH_SEARCH_PATHS = "$(inherited) @executable_path/Frameworks";
				ONLY_ACTIVE_ARCH = YES;
				OTHER_LDFLAGS = "$(inherited)";
				PRODUCT_BUNDLE_IDENTIFIER = acn96.climateConvos;
				PRODUCT_NAME = "$(TARGET_NAME)";
				PROVISIONING_PROFILE_SPECIFIER = "";
				TARGETED_DEVICE_FAMILY = "1,2";
			};
			name = Release;
		};
/* End XCBuildConfiguration section */

/* Begin XCConfigurationList section */
		CAF5548A202B9E5600B1521E /* Build configuration list for PBXProject "climateConvos" */ = {
			isa = XCConfigurationList;
			buildConfigurations = (
				CAF554A3202B9E5600B1521E /* Debug */,
				CAF554A4202B9E5600B1521E /* Release */,
			);
			defaultConfigurationIsVisible = 0;
			defaultConfigurationName = Release;
		};
		CAF554A5202B9E5600B1521E /* Build configuration list for PBXNativeTarget "climateConvos" */ = {
			isa = XCConfigurationList;
			buildConfigurations = (
				CAF554A6202B9E5600B1521E /* Debug */,
				CAF554A7202B9E5600B1521E /* Release */,
			);
			defaultConfigurationIsVisible = 0;
			defaultConfigurationName = Release;
		};
/* End XCConfigurationList section */
	};
	rootObject = CAF55487202B9E5600B1521E /* Project object */;
}
